
Microsoft Visual Studio Solution File, Format Version 12.00
# Visual Studio 15
VisualStudioVersion = 15.0.27703.2018
MinimumVisualStudioVersion = 10.0.40219.1
Project("{FAE04EC0-301F-11D3-BF4B-00C04F79EFBC}") = "FibonacciDelegate", "FibonacciDelegate\FibonacciDelegate.csproj", "{D2A76529-3F1E-440A-B588-A8F353426DF3}"
EndProject
Global
	GlobalSection(SolutionConfigurationPlatforms) = preSolution
		Debug|Any CPU = Debug|Any CPU
		Release|Any CPU = Release|Any CPU
	EndGlobalSection
	GlobalSection(ProjectConfigurationPlatforms) = postSolution
		{D2A76529-3F1E-440A-B588-A8F353426DF3}.Debug|Any CPU.ActiveCfg = Debug|Any CPU
		{D2A76529-3F1E-440A-B588-A8F353426DF3}.Debug|Any CPU.Build.0 = Debug|Any CPU
		{D2A76529-3F1E-440A-B588-A8F353426DF3}.Release|Any CPU.ActiveCfg = Release|Any CPU
		{D2A76529-3F1E-440A-B588-A8F353426DF3}.Release|Any CPU.Build.0 = Release|Any CPU
	EndGlobalSection
	GlobalSection(SolutionProperties) = preSolution
		HideSolutionNode = FALSE
	EndGlobalSection
	GlobalSection(ExtensibilityGlobals) = postSolution
		SolutionGuid = {1463F324-A956-4ACB-BD50-9B816E2F7854}
	EndGlobalSection
EndGlobal
